
Microsoft Visual Studio Solution File, Format Version 12.00
# Visual Studio Version 17
VisualStudioVersion = 17.8.34316.72
MinimumVisualStudioVersion = 10.0.40219.1
Project("{FAE04EC0-301F-11D3-BF4B-00C04F79EFBC}") = "AlkaShoes", "AlkaShoes\AlkaShoes.csproj", "{224C0C0E-0728-400C-A7B8-D4F5CADE02E6}"
EndProject
Global
	GlobalSection(SolutionConfigurationPlatforms) = preSolution
		Debug|Any CPU = Debug|Any CPU
		Release|Any CPU = Release|Any CPU
	EndGlobalSection
	GlobalSection(ProjectConfigurationPlatforms) = postSolution
		{224C0C0E-0728-400C-A7B8-D4F5CADE02E6}.Debug|Any CPU.ActiveCfg = Debug|Any CPU
		{224C0C0E-0728-400C-A7B8-D4F5CADE02E6}.Debug|Any CPU.Build.0 = Debug|Any CPU
		{224C0C0E-0728-400C-A7B8-D4F5CADE02E6}.Release|Any CPU.ActiveCfg = Release|Any CPU
		{224C0C0E-0728-400C-A7B8-D4F5CADE02E6}.Release|Any CPU.Build.0 = Release|Any CPU
	EndGlobalSection
	GlobalSection(SolutionProperties) = preSolution
		HideSolutionNode = FALSE
	EndGlobalSection
	GlobalSection(ExtensibilityGlobals) = postSolution
		SolutionGuid = {F28A81B8-9028-4D9F-B5FE-C1159B24AC43}
	EndGlobalSection
EndGlobal
